
Microsoft Visual Studio Solution File, Format Version 12.00
# Visual Studio Version 16
VisualStudioVersion = 16.0.31025.194
MinimumVisualStudioVersion = 10.0.40219.1
Project("{FAE04EC0-301F-11D3-BF4B-00C04F79EFBC}") = "OrchadCoreCMS", "OrchadCoreCMS\OrchadCoreCMS.csproj", "{C91F9D3A-8804-4473-88B4-5FC4314E541E}"
EndProject
Global
	GlobalSection(SolutionConfigurationPlatforms) = preSolution
		Debug|Any CPU = Debug|Any CPU
		Release|Any CPU = Release|Any CPU
	EndGlobalSection
	GlobalSection(ProjectConfigurationPlatforms) = postSolution
		{C91F9D3A-8804-4473-88B4-5FC4314E541E}.Debug|Any CPU.ActiveCfg = Debug|Any CPU
		{C91F9D3A-8804-4473-88B4-5FC4314E541E}.Debug|Any CPU.Build.0 = Debug|Any CPU
		{C91F9D3A-8804-4473-88B4-5FC4314E541E}.Release|Any CPU.ActiveCfg = Release|Any CPU
		{C91F9D3A-8804-4473-88B4-5FC4314E541E}.Release|Any CPU.Build.0 = Release|Any CPU
	EndGlobalSection
	GlobalSection(SolutionProperties) = preSolution
		HideSolutionNode = FALSE
	EndGlobalSection
	GlobalSection(ExtensibilityGlobals) = postSolution
		SolutionGuid = {C885330A-3854-4876-85E0-DA37E9952337}
	EndGlobalSection
EndGlobal
